// !$*UTF8*$!
{
	archiveVersion = 1;
	classes = {
	};
	objectVersion = 46;
	objects = {

/* Begin PBXBuildFile section */
		DF74A49D1AFEB87D0042F87C /* AppDelegate.m in Sources */ = {isa = PBXBuildFile; fileRef = DF74A49C1AFEB87D0042F87C /* AppDelegate.m */; };
		DF74A49F1AFEB87D0042F87C /* main.m in Sources */ = {isa = PBXBuildFile; fileRef = DF74A49E1AFEB87D0042F87C /* main.m */; };
		DF74A4A11AFEB87D0042F87C /* Images.xcassets in Resources */ = {isa = PBXBuildFile; fileRef = DF74A4A01AFEB87D0042F87C /* Images.xcassets */; };
		DF74A4A41AFEB87D0042F87C /* MainMenu.xib in Resources */ = {isa = PBXBuildFile; fileRef = DF74A4A21AFEB87D0042F87C /* MainMenu.xib */; };
		DF74A4BC1AFEB9210042F87C /* BTCronParser.m in Sources */ = {isa = PBXBuildFile; fileRef = DF74A4BB1AFEB9210042F87C /* BTCronParser.m */; };
		DF74A4C11AFEEE0A0042F87C /* BTCronBasicTests.m in Sources */ = {isa = PBXBuildFile; fileRef = DF74A4C01AFEEE0A0042F87C /* BTCronBasicTests.m */; };
		DF7C77471B1166CF0067FB96 /* BTCronComponent.m in Sources */ = {isa = PBXBuildFile; fileRef = DF7C77401B10E77B0067FB96 /* BTCronComponent.m */; };
		DF7C77481B116B4D0067FB96 /* BTCronTimeComponentTests.m in Sources */ = {isa = PBXBuildFile; fileRef = DF74A4C81AFF01A70042F87C /* BTCronTimeComponentTests.m */; };
		DF7C774B1B116CE30067FB96 /* BTCronExpression.m in Sources */ = {isa = PBXBuildFile; fileRef = DF7C774A1B116CE30067FB96 /* BTCronExpression.m */; };
		DF7C774D1B1171FB0067FB96 /* BTCronExpressionTests.m in Sources */ = {isa = PBXBuildFile; fileRef = DF7C774C1B1171FB0067FB96 /* BTCronExpressionTests.m */; };
/* End PBXBuildFile section */

/* Begin PBXContainerItemProxy section */
		DF74A4AA1AFEB87D0042F87C /* PBXContainerItemProxy */ = {
			isa = PBXContainerItemProxy;
			containerPortal = DF74A48E1AFEB87D0042F87C /* Project object */;
			proxyType = 1;
			remoteGlobalIDString = DF74A4951AFEB87D0042F87C;
			remoteInfo = BTCron;
		};
/* End PBXContainerItemProxy section */

/* Begin PBXFileReference section */
		DF74A4961AFEB87D0042F87C /* BTCron.app */ = {isa = PBXFileReference; explicitFileType = wrapper.application; includeInIndex = 0; path = BTCron.app; sourceTree = BUILT_PRODUCTS_DIR; };
		DF74A49A1AFEB87D0042F87C /* Info.plist */ = {isa = PBXFileReference; lastKnownFileType = text.plist.xml; path = Info.plist; sourceTree = "<group>"; };
		DF74A49B1AFEB87D0042F87C /* AppDelegate.h */ = {isa = PBXFileReference; lastKnownFileType = sourcecode.c.h; path = AppDelegate.h; sourceTree = "<group>"; };
		DF74A49C1AFEB87D0042F87C /* AppDelegate.m */ = {isa = PBXFileReference; lastKnownFileType = sourcecode.c.objc; path = AppDelegate.m; sourceTree = "<group>"; };
		DF74A49E1AFEB87D0042F87C /* main.m */ = {isa = PBXFileReference; lastKnownFileType = sourcecode.c.objc; path = main.m; sourceTree = "<group>"; };
		DF74A4A01AFEB87D0042F87C /* Images.xcassets */ = {isa = PBXFileReference; lastKnownFileType = folder.assetcatalog; path = Images.xcassets; sourceTree = "<group>"; };
		DF74A4A31AFEB87D0042F87C /* Base */ = {isa = PBXFileReference; lastKnownFileType = file.xib; name = Base; path = Base.lproj/MainMenu.xib; sourceTree = "<group>"; };
		DF74A4A91AFEB87D0042F87C /* BTCronTests.xctest */ = {isa = PBXFileReference; explicitFileType = wrapper.cfbundle; includeInIndex = 0; path = BTCronTests.xctest; sourceTree = BUILT_PRODUCTS_DIR; };
		DF74A4AE1AFEB87D0042F87C /* Info.plist */ = {isa = PBXFileReference; lastKnownFileType = text.plist.xml; path = Info.plist; sourceTree = "<group>"; };
		DF74A4BA1AFEB9210042F87C /* BTCronParser.h */ = {isa = PBXFileReference; fileEncoding = 4; lastKnownFileType = sourcecode.c.h; path = BTCronParser.h; sourceTree = "<group>"; };
		DF74A4BB1AFEB9210042F87C /* BTCronParser.m */ = {isa = PBXFileReference; fileEncoding = 4; lastKnownFileType = sourcecode.c.objc; path = BTCronParser.m; sourceTree = "<group>"; };
		DF74A4C01AFEEE0A0042F87C /* BTCronBasicTests.m */ = {isa = PBXFileReference; fileEncoding = 4; lastKnownFileType = sourcecode.c.objc; path = BTCronBasicTests.m; sourceTree = "<group>"; };
		DF74A4C81AFF01A70042F87C /* BTCronTimeComponentTests.m */ = {isa = PBXFileReference; fileEncoding = 4; lastKnownFileType = sourcecode.c.objc; path = BTCronTimeComponentTests.m; sourceTree = "<group>"; };
		DF7C773F1B10E77B0067FB96 /* BTCronComponent.h */ = {isa = PBXFileReference; fileEncoding = 4; lastKnownFileType = sourcecode.c.h; path = BTCronComponent.h; sourceTree = "<group>"; };
		DF7C77401B10E77B0067FB96 /* BTCronComponent.m */ = {isa = PBXFileReference; fileEncoding = 4; lastKnownFileType = sourcecode.c.objc; path = BTCronComponent.m; sourceTree = "<group>"; };
		DF7C77491B116CE30067FB96 /* BTCronExpression.h */ = {isa = PBXFileReference; fileEncoding = 4; lastKnownFileType = sourcecode.c.h; path = BTCronExpression.h; sourceTree = "<group>"; };
		DF7C774A1B116CE30067FB96 /* BTCronExpression.m */ = {isa = PBXFileReference; fileEncoding = 4; lastKnownFileType = sourcecode.c.objc; path = BTCronExpression.m; sourceTree = "<group>"; };
		DF7C774C1B1171FB0067FB96 /* BTCronExpressionTests.m */ = {isa = PBXFileReference; fileEncoding = 4; lastKnownFileType = sourcecode.c.objc; path = BTCronExpressionTests.m; sourceTree = "<group>"; };
/* End PBXFileReference section */

/* Begin PBXFrameworksBuildPhase section */
		DF74A4931AFEB87D0042F87C /* Frameworks */ = {
			isa = PBXFrameworksBuildPhase;
			buildActionMask = 2147483647;
			files = (
			);
			runOnlyForDeploymentPostprocessing = 0;
		};
		DF74A4A61AFEB87D0042F87C /* Frameworks */ = {
			isa = PBXFrameworksBuildPhase;
			buildActionMask = 2147483647;
			files = (
			);
			runOnlyForDeploymentPostprocessing = 0;
		};
/* End PBXFrameworksBuildPhase section */

/* Begin PBXGroup section */
		DF74A48D1AFEB87D0042F87C = {
			isa = PBXGroup;
			children = (
				DF74A4B91AFEB8DF0042F87C /* BTCron */,
				DF74A4981AFEB87D0042F87C /* BTCronDemo */,
				DF74A4AC1AFEB87D0042F87C /* BTCronTests */,
				DF74A4971AFEB87D0042F87C /* Products */,
			);
			sourceTree = "<group>";
		};
		DF74A4971AFEB87D0042F87C /* Products */ = {
			isa = PBXGroup;
			children = (
				DF74A4961AFEB87D0042F87C /* BTCron.app */,
				DF74A4A91AFEB87D0042F87C /* BTCronTests.xctest */,
			);
			name = Products;
			sourceTree = "<group>";
		};
		DF74A4981AFEB87D0042F87C /* BTCronDemo */ = {
			isa = PBXGroup;
			children = (
				DF74A49B1AFEB87D0042F87C /* AppDelegate.h */,
				DF74A49C1AFEB87D0042F87C /* AppDelegate.m */,
				DF74A4A01AFEB87D0042F87C /* Images.xcassets */,
				DF74A4A21AFEB87D0042F87C /* MainMenu.xib */,
				DF74A4991AFEB87D0042F87C /* Supporting Files */,
			);
			name = BTCronDemo;
			path = BTCron;
			sourceTree = "<group>";
		};
		DF74A4991AFEB87D0042F87C /* Supporting Files */ = {
			isa = PBXGroup;
			children = (
				DF74A49A1AFEB87D0042F87C /* Info.plist */,
				DF74A49E1AFEB87D0042F87C /* main.m */,
			);
			name = "Supporting Files";
			sourceTree = "<group>";
		};
		DF74A4AC1AFEB87D0042F87C /* BTCronTests */ = {
			isa = PBXGroup;
			children = (
				DF74A4C01AFEEE0A0042F87C /* BTCronBasicTests.m */,
				DF7C774C1B1171FB0067FB96 /* BTCronExpressionTests.m */,
				DF74A4C81AFF01A70042F87C /* BTCronTimeComponentTests.m */,
				DF74A4AD1AFEB87D0042F87C /* Supporting Files */,
			);
			path = BTCronTests;
			sourceTree = "<group>";
		};
		DF74A4AD1AFEB87D0042F87C /* Supporting Files */ = {
			isa = PBXGroup;
			children = (
				DF74A4AE1AFEB87D0042F87C /* Info.plist */,
			);
			name = "Supporting Files";
			sourceTree = "<group>";
		};
		DF74A4B91AFEB8DF0042F87C /* BTCron */ = {
			isa = PBXGroup;
			children = (
				DF74A4BA1AFEB9210042F87C /* BTCronParser.h */,
				DF74A4BB1AFEB9210042F87C /* BTCronParser.m */,
				DF7C77421B10EC910067FB96 /* Expressions */,
				DF7C773E1B10E7390067FB96 /* Scanner */,
			);
			name = BTCron;
			sourceTree = "<group>";
		};
		DF7C773E1B10E7390067FB96 /* Scanner */ = {
			isa = PBXGroup;
			children = (
				DF7C773F1B10E77B0067FB96 /* BTCronComponent.h */,
				DF7C77401B10E77B0067FB96 /* BTCronComponent.m */,
				DF7C77491B116CE30067FB96 /* BTCronExpression.h */,
				DF7C774A1B116CE30067FB96 /* BTCronExpression.m */,
			);
			name = Scanner;
			sourceTree = "<group>";
		};
		DF7C77421B10EC910067FB96 /* Expressions */ = {
			isa = PBXGroup;
			children = (
			);
			name = Expressions;
			sourceTree = "<group>";
		};
/* End PBXGroup section */

/* Begin PBXNativeTarget section */
		DF74A4951AFEB87D0042F87C /* BTCron */ = {
			isa = PBXNativeTarget;
			buildConfigurationList = DF74A4B31AFEB87D0042F87C /* Build configuration list for PBXNativeTarget "BTCron" */;
			buildPhases = (
				DF74A4921AFEB87D0042F87C /* Sources */,
				DF74A4931AFEB87D0042F87C /* Frameworks */,
				DF74A4941AFEB87D0042F87C /* Resources */,
			);
			buildRules = (
			);
			dependencies = (
			);
			name = BTCron;
			productName = BTCron;
			productReference = DF74A4961AFEB87D0042F87C /* BTCron.app */;
			productType = "com.apple.product-type.application";
		};
		DF74A4A81AFEB87D0042F87C /* BTCronTests */ = {
			isa = PBXNativeTarget;
			buildConfigurationList = DF74A4B61AFEB87D0042F87C /* Build configuration list for PBXNativeTarget "BTCronTests" */;
			buildPhases = (
				DF74A4A51AFEB87D0042F87C /* Sources */,
				DF74A4A61AFEB87D0042F87C /* Frameworks */,
				DF74A4A71AFEB87D0042F87C /* Resources */,
			);
			buildRules = (
			);
			dependencies = (
				DF74A4AB1AFEB87D0042F87C /* PBXTargetDependency */,
			);
			name = BTCronTests;
			productName = BTCronTests;
			productReference = DF74A4A91AFEB87D0042F87C /* BTCronTests.xctest */;
			productType = "com.apple.product-type.bundle.unit-test";
		};
/* End PBXNativeTarget section */

/* Begin PBXProject section */
		DF74A48E1AFEB87D0042F87C /* Project object */ = {
			isa = PBXProject;
			attributes = {
				LastUpgradeCheck = 0630;
				ORGANIZATIONNAME = "Bluetoo Ventures";
				TargetAttributes = {
					DF74A4951AFEB87D0042F87C = {
						CreatedOnToolsVersion = 6.3.1;
					};
					DF74A4A81AFEB87D0042F87C = {
						CreatedOnToolsVersion = 6.3.1;
						TestTargetID = DF74A4951AFEB87D0042F87C;
					};
				};
			};
			buildConfigurationList = DF74A4911AFEB87D0042F87C /* Build configuration list for PBXProject "BTCron" */;
			compatibilityVersion = "Xcode 3.2";
			developmentRegion = English;
			hasScannedForEncodings = 0;
			knownRegions = (
				en,
				Base,
			);
			mainGroup = DF74A48D1AFEB87D0042F87C;
			productRefGroup = DF74A4971AFEB87D0042F87C /* Products */;
			projectDirPath = "";
			projectRoot = "";
			targets = (
				DF74A4951AFEB87D0042F87C /* BTCron */,
				DF74A4A81AFEB87D0042F87C /* BTCronTests */,
			);
		};
/* End PBXProject section */

/* Begin PBXResourcesBuildPhase section */
		DF74A4941AFEB87D0042F87C /* Resources */ = {
			isa = PBXResourcesBuildPhase;
			buildActionMask = 2147483647;
			files = (
				DF74A4A11AFEB87D0042F87C /* Images.xcassets in Resources */,
				DF74A4A41AFEB87D0042F87C /* MainMenu.xib in Resources */,
			);
			runOnlyForDeploymentPostprocessing = 0;
		};
		DF74A4A71AFEB87D0042F87C /* Resources */ = {
			isa = PBXResourcesBuildPhase;
			buildActionMask = 2147483647;
			files = (
			);
			runOnlyForDeploymentPostprocessing = 0;
		};
/* End PBXResourcesBuildPhase section */

/* Begin PBXSourcesBuildPhase section */
		DF74A4921AFEB87D0042F87C /* Sources */ = {
			isa = PBXSourcesBuildPhase;
			buildActionMask = 2147483647;
			files = (
				DF74A49F1AFEB87D0042F87C /* main.m in Sources */,
				DF74A4BC1AFEB9210042F87C /* BTCronParser.m in Sources */,
				DF7C774B1B116CE30067FB96 /* BTCronExpression.m in Sources */,
				DF74A49D1AFEB87D0042F87C /* AppDelegate.m in Sources */,
				DF7C77471B1166CF0067FB96 /* BTCronComponent.m in Sources */,
			);
			runOnlyForDeploymentPostprocessing = 0;
		};
		DF74A4A51AFEB87D0042F87C /* Sources */ = {
			isa = PBXSourcesBuildPhase;
			buildActionMask = 2147483647;
			files = (
				DF7C77481B116B4D0067FB96 /* BTCronTimeComponentTests.m in Sources */,
				DF7C774D1B1171FB0067FB96 /* BTCronExpressionTests.m in Sources */,
				DF74A4C11AFEEE0A0042F87C /* BTCronBasicTests.m in Sources */,
			);
			runOnlyForDeploymentPostprocessing = 0;
		};
/* End PBXSourcesBuildPhase section */

/* Begin PBXTargetDependency section */
		DF74A4AB1AFEB87D0042F87C /* PBXTargetDependency */ = {
			isa = PBXTargetDependency;
			target = DF74A4951AFEB87D0042F87C /* BTCron */;
			targetProxy = DF74A4AA1AFEB87D0042F87C /* PBXContainerItemProxy */;
		};
/* End PBXTargetDependency section */

/* Begin PBXVariantGroup section */
		DF74A4A21AFEB87D0042F87C /* MainMenu.xib */ = {
			isa = PBXVariantGroup;
			children = (
				DF74A4A31AFEB87D0042F87C /* Base */,
			);
			name = MainMenu.xib;
			sourceTree = "<group>";
		};
/* End PBXVariantGroup section */

/* Begin XCBuildConfiguration section */
		DF74A4B11AFEB87D0042F87C /* Debug */ = {
			isa = XCBuildConfiguration;
			buildSettings = {
				ALWAYS_SEARCH_USER_PATHS = NO;
				CLANG_CXX_LANGUAGE_STANDARD = "gnu++0x";
				CLANG_CXX_LIBRARY = "libc++";
				CLANG_ENABLE_MODULES = YES;
				CLANG_ENABLE_OBJC_ARC = YES;
				CLANG_WARN_BOOL_CONVERSION = YES;
				CLANG_WARN_CONSTANT_CONVERSION = YES;
				CLANG_WARN_DIRECT_OBJC_ISA_USAGE = YES_ERROR;
				CLANG_WARN_EMPTY_BODY = YES;
				CLANG_WARN_ENUM_CONVERSION = YES;
				CLANG_WARN_INT_CONVERSION = YES;
				CLANG_WARN_OBJC_ROOT_CLASS = YES_ERROR;
				CLANG_WARN_UNREACHABLE_CODE = YES;
				CLANG_WARN__DUPLICATE_METHOD_MATCH = YES;
				CODE_SIGN_IDENTITY = "-";
				COPY_PHASE_STRIP = NO;
				DEBUG_INFORMATION_FORMAT = dwarf;
				ENABLE_STRICT_OBJC_MSGSEND = YES;
				GCC_C_LANGUAGE_STANDARD = gnu99;
				GCC_DYNAMIC_NO_PIC = NO;
				GCC_NO_COMMON_BLOCKS = YES;
				GCC_OPTIMIZATION_LEVEL = 0;
				GCC_PREPROCESSOR_DEFINITIONS = (
					"DEBUG=1",
					"$(inherited)",
				);
				GCC_SYMBOLS_PRIVATE_EXTERN = NO;
				GCC_WARN_64_TO_32_BIT_CONVERSION = YES;
				GCC_WARN_ABOUT_RETURN_TYPE = YES_ERROR;
				GCC_WARN_UNDECLARED_SELECTOR = YES;
				GCC_WARN_UNINITIALIZED_AUTOS = YES_AGGRESSIVE;
				GCC_WARN_UNUSED_FUNCTION = YES;
				GCC_WARN_UNUSED_VARIABLE = YES;
				MACOSX_DEPLOYMENT_TARGET = 10.10;
				MTL_ENABLE_DEBUG_INFO = YES;
				ONLY_ACTIVE_ARCH = YES;
				SDKROOT = macosx;
			};
			name = Debug;
		};
		DF74A4B21AFEB87D0042F87C /* Release */ = {
			isa = XCBuildConfiguration;
			buildSettings = {
				ALWAYS_SEARCH_USER_PATHS = NO;
				CLANG_CXX_LANGUAGE_STANDARD = "gnu++0x";
				CLANG_CXX_LIBRARY = "libc++";
				CLANG_ENABLE_MODULES = YES;
				CLANG_ENABLE_OBJC_ARC = YES;
				CLANG_WARN_BOOL_CONVERSION = YES;
				CLANG_WARN_CONSTANT_CONVERSION = YES;
				CLANG_WARN_DIRECT_OBJC_ISA_USAGE = YES_ERROR;
				CLANG_WARN_EMPTY_BODY = YES;
				CLANG_WARN_ENUM_CONVERSION = YES;
				CLANG_WARN_INT_CONVERSION = YES;
				CLANG_WARN_OBJC_ROOT_CLASS = YES_ERROR;
				CLANG_WARN_UNREACHABLE_CODE = YES;
				CLANG_WARN__DUPLICATE_METHOD_MATCH = YES;
				CODE_SIGN_IDENTITY = "-";
				COPY_PHASE_STRIP = NO;
				DEBUG_INFORMATION_FORMAT = "dwarf-with-dsym";
				ENABLE_NS_ASSERTIONS = NO;
				ENABLE_STRICT_OBJC_MSGSEND = YES;
				GCC_C_LANGUAGE_STANDARD = gnu99;
				GCC_NO_COMMON_BLOCKS = YES;
				GCC_WARN_64_TO_32_BIT_CONVERSION = YES;
				GCC_WARN_ABOUT_RETURN_TYPE = YES_ERROR;
				GCC_WARN_UNDECLARED_SELECTOR = YES;
				GCC_WARN_UNINITIALIZED_AUTOS = YES_AGGRESSIVE;
				GCC_WARN_UNUSED_FUNCTION = YES;
				GCC_WARN_UNUSED_VARIABLE = YES;
				MACOSX_DEPLOYMENT_TARGET = 10.10;
				MTL_ENABLE_DEBUG_INFO = NO;
				SDKROOT = macosx;
			};
			name = Release;
		};
		DF74A4B41AFEB87D0042F87C /* Debug */ = {
			isa = XCBuildConfiguration;
			buildSettings = {
				ASSETCATALOG_COMPILER_APPICON_NAME = AppIcon;
				COMBINE_HIDPI_IMAGES = YES;
				INFOPLIST_FILE = BTCron/Info.plist;
				LD_RUNPATH_SEARCH_PATHS = "$(inherited) @executable_path/../Frameworks";
				PRODUCT_NAME = "$(TARGET_NAME)";
			};
			name = Debug;
		};
		DF74A4B51AFEB87D0042F87C /* Release */ = {
			isa = XCBuildConfiguration;
			buildSettings = {
				ASSETCATALOG_COMPILER_APPICON_NAME = AppIcon;
				COMBINE_HIDPI_IMAGES = YES;
				INFOPLIST_FILE = BTCron/Info.plist;
				LD_RUNPATH_SEARCH_PATHS = "$(inherited) @executable_path/../Frameworks";
				PRODUCT_NAME = "$(TARGET_NAME)";
			};
			name = Release;
		};
		DF74A4B71AFEB87D0042F87C /* Debug */ = {
			isa = XCBuildConfiguration;
			buildSettings = {
				BUNDLE_LOADER = "$(TEST_HOST)";
				COMBINE_HIDPI_IMAGES = YES;
				FRAMEWORK_SEARCH_PATHS = (
					"$(DEVELOPER_FRAMEWORKS_DIR)",
					"$(inherited)",
				);
				GCC_PREPROCESSOR_DEFINITIONS = (
					"DEBUG=1",
					"$(inherited)",
				);
				INFOPLIST_FILE = BTCronTests/Info.plist;
				LD_RUNPATH_SEARCH_PATHS = "$(inherited) @executable_path/../Frameworks @loader_path/../Frameworks";
				PRODUCT_NAME = "$(TARGET_NAME)";
				TEST_HOST = "$(BUILT_PRODUCTS_DIR)/BTCron.app/Contents/MacOS/BTCron";
			};
			name = Debug;
		};
		DF74A4B81AFEB87D0042F87C /* Release */ = {
			isa = XCBuildConfiguration;
			buildSettings = {
				BUNDLE_LOADER = "$(TEST_HOST)";
				COMBINE_HIDPI_IMAGES = YES;
				FRAMEWORK_SEARCH_PATHS = (
					"$(DEVELOPER_FRAMEWORKS_DIR)",
					"$(inherited)",
				);
				INFOPLIST_FILE = BTCronTests/Info.plist;
				LD_RUNPATH_SEARCH_PATHS = "$(inherited) @executable_path/../Frameworks @loader_path/../Frameworks";
				PRODUCT_NAME = "$(TARGET_NAME)";
				TEST_HOST = "$(BUILT_PRODUCTS_DIR)/BTCron.app/Contents/MacOS/BTCron";
			};
			name = Release;
		};
/* End XCBuildConfiguration section */

/* Begin XCConfigurationList section */
		DF74A4911AFEB87D0042F87C /* Build configuration list for PBXProject "BTCron" */ = {
			isa = XCConfigurationList;
			buildConfigurations = (
				DF74A4B11AFEB87D0042F87C /* Debug */,
				DF74A4B21AFEB87D0042F87C /* Release */,
			);
			defaultConfigurationIsVisible = 0;
			defaultConfigurationName = Release;
		};
		DF74A4B31AFEB87D0042F87C /* Build configuration list for PBXNativeTarget "BTCron" */ = {
			isa = XCConfigurationList;
			buildConfigurations = (
				DF74A4B41AFEB87D0042F87C /* Debug */,
				DF74A4B51AFEB87D0042F87C /* Release */,
			);
			defaultConfigurationIsVisible = 0;
			defaultConfigurationName = Release;
		};
		DF74A4B61AFEB87D0042F87C /* Build configuration list for PBXNativeTarget "BTCronTests" */ = {
			isa = XCConfigurationList;
			buildConfigurations = (
				DF74A4B71AFEB87D0042F87C /* Debug */,
				DF74A4B81AFEB87D0042F87C /* Release */,
			);
			defaultConfigurationIsVisible = 0;
			defaultConfigurationName = Release;
		};
/* End XCConfigurationList section */
	};
	rootObject = DF74A48E1AFEB87D0042F87C /* Project object */;
}
